{
  "nodes": {
    "nixpkgs": {
      "locked": {
        "lastModified": 1733412085,
        "narHash": "sha256-FillH0qdWDt/nlO6ED7h4cmN+G9uXwGjwmCnHs0QVYM=",
        "owner": "nixos",
        "repo": "nixpkgs",
        "rev": "4dc2fc4e62dbf62b84132fe526356fbac7b03541",
        "type": "github"
      },
      "original": {
        "owner": "nixos",
        "ref": "nixos-24.11",
        "repo": "nixpkgs",
        "type": "github"
      }
    },
    "nixpkgs_2": {
      "locked": {
        "lastModified": 1728538411,
        "narHash": "sha256-f0SBJz1eZ2yOuKUr5CA9BHULGXVSn6miBuUWdTyhUhU=",
        "owner": "NixOS",
        "repo": "nixpkgs",
        "rev": "b69de56fac8c2b6f8fd27f2eca01dcda8e0a4221",
        "type": "github"
      },
      "original": {
        "owner": "NixOS",
        "ref": "nixpkgs-unstable",
        "repo": "nixpkgs",
        "type": "github"
      }
    },
    "root": {
      "inputs": {
        "nixpkgs": "nixpkgs",
        "rust-overlay": "rust-overlay"
      }
    },
    "rust-overlay": {
      "inputs": {
        "nixpkgs": "nixpkgs_2"
      },
      "locked": {
        "lastModified": 1733538766,
        "narHash": "sha256-FEDfBpM82XGdHDbLDJC4lV+QXSVN1rERt1MqtBGJZds=",
        "owner": "oxalica",
        "repo": "rust-overlay",
        "rev": "66526479b295ad238843a8a7367d2da7ec102757",
        "type": "github"
      },
      "original": {
        "owner": "oxalica",
        "repo": "rust-overlay",
        "type": "github"
      }
    }
  },
  "root": "root",
  "version": 7
}
