# This file is automatically @generated by Cargo.
# It is not intended for manual editing.
version = 3

[[package]]
name = "aho-corasick"
version = "0.7.18"
source = "registry+https://github.com/rust-lang/crates.io-index"
checksum = "1e37cfd5e7657ada45f742d6e99ca5788580b5c529dc78faf11ece6dc702656f"
dependencies = [
 "memchr",
]

[[package]]
name = "app"
version = "0.1.0"
dependencies = [
 "cstr",
 "qmetaobject",
]

[[package]]
name = "byteorder"
version = "1.4.3"
source = "registry+https://github.com/rust-lang/crates.io-index"
checksum = "14c189c53d098945499cdfa7ecc63567cf3886b3332b312a5b4585d8d3a6a610"

[[package]]
name = "cc"
version = "1.0.70"
source = "registry+https://github.com/rust-lang/crates.io-index"
checksum = "d26a6ce4b6a484fa3edb70f7efa6fc430fd2b87285fe8b84304fd0936faa0dc0"

[[package]]
name = "cfg-if"
version = "1.0.0"
source = "registry+https://github.com/rust-lang/crates.io-index"
checksum = "baf1de4339761588bc0619e3cbc0120ee582ebb74b53b4efbf79117bd2da40fd"

[[package]]
name = "cpp"
version = "0.5.6"
source = "registry+https://github.com/rust-lang/crates.io-index"
checksum = "4875a08600be48dcc9cb6ee07f104a3e0752e95184dede6a30044d6480bf50e8"
dependencies = [
 "cpp_macros",
]

[[package]]
name = "cpp_build"
version = "0.5.6"
source = "registry+https://github.com/rust-lang/crates.io-index"
checksum = "762705b71f4a8c5b65148de0e76bf18770c724ca2759f04ca29be9d508e1230d"
dependencies = [
 "cc",
 "cpp_common",
 "lazy_static",
 "proc-macro2",
 "regex",
 "syn",
 "unicode-xid",
]

[[package]]
name = "cpp_common"
version = "0.5.6"
source = "registry+https://github.com/rust-lang/crates.io-index"
checksum = "df78ad28e5fe814285016779fb3d3b874520c799a847e6190bf2b834cc4ff283"
dependencies = [
 "lazy_static",
 "proc-macro2",
 "syn",
]

[[package]]
name = "cpp_macros"
version = "0.5.6"
source = "registry+https://github.com/rust-lang/crates.io-index"
checksum = "4f93a21e618c10abc84ebb63ffa5952e1f7a4568b8141d542d5ef860e4a8fc25"
dependencies = [
 "aho-corasick",
 "byteorder",
 "cpp_common",
 "if_rust_version",
 "lazy_static",
 "proc-macro2",
 "quote",
 "syn",
]

[[package]]
name = "cstr"
version = "0.2.9"
source = "registry+https://github.com/rust-lang/crates.io-index"
checksum = "f2846d3636dcaff720d311ea8983f5fa7a8288632b2f95145dd4b5819c397fd8"
dependencies = [
 "proc-macro2",
 "quote",
]

[[package]]
name = "if_rust_version"
version = "1.0.0"
source = "registry+https://github.com/rust-lang/crates.io-index"
checksum = "46dbcb333e86939721589d25a3557e180b52778cb33c7fdfe9e0158ff790d5ec"

[[package]]
name = "lazy_static"
version = "1.4.0"
source = "registry+https://github.com/rust-lang/crates.io-index"
checksum = "e2abad23fbc42b3700f2f279844dc832adb2b2eb069b2df918f455c4e18cc646"

[[package]]
name = "log"
version = "0.4.14"
source = "registry+https://github.com/rust-lang/crates.io-index"
checksum = "51b9bbe6c47d51fc3e1a9b945965946b4c44142ab8792c50835a980d362c2710"
dependencies = [
 "cfg-if",
]

[[package]]
name = "memchr"
version = "2.4.1"
source = "registry+https://github.com/rust-lang/crates.io-index"
checksum = "308cc39be01b73d0d18f82a0e7b2a3df85245f84af96fdddc5d202d27e47b86a"

[[package]]
name = "proc-macro2"
version = "1.0.29"
source = "registry+https://github.com/rust-lang/crates.io-index"
checksum = "b9f5105d4fdaab20335ca9565e106a5d9b82b6219b5ba735731124ac6711d23d"
dependencies = [
 "unicode-xid",
]

[[package]]
name = "qmetaobject"
version = "0.2.3"
source = "registry+https://github.com/rust-lang/crates.io-index"
checksum = "5ab6ec5f186a2ad669ce6126b27345eaabf4bbdeac7b8c592578eebbf5a08a06"
dependencies = [
 "cpp",
 "cpp_build",
 "lazy_static",
 "log",
 "qmetaobject_impl",
 "qttypes",
 "semver",
]

[[package]]
name = "qmetaobject_impl"
version = "0.2.3"
source = "registry+https://github.com/rust-lang/crates.io-index"
checksum = "cbeae779718f244731e2ab288361a7a461606e2a4a39d7bf21fb69e02b5821bf"
dependencies = [
 "proc-macro2",
 "quote",
 "syn",
]

[[package]]
name = "qttypes"
version = "0.2.3"
source = "registry+https://github.com/rust-lang/crates.io-index"
checksum = "0431d1f607ab0d66b5aa196ff541d945e629b7a2cae0583a79b3509c5e69b3ee"
dependencies = [
 "cpp",
 "cpp_build",
 "semver",
]

[[package]]
name = "quote"
version = "1.0.9"
source = "registry+https://github.com/rust-lang/crates.io-index"
checksum = "c3d0b9745dc2debf507c8422de05d7226cc1f0644216dfdfead988f9b1ab32a7"
dependencies = [
 "proc-macro2",
]

[[package]]
name = "regex"
version = "1.5.4"
source = "registry+https://github.com/rust-lang/crates.io-index"
checksum = "d07a8629359eb56f1e2fb1652bb04212c072a87ba68546a04065d525673ac461"
dependencies = [
 "aho-corasick",
 "memchr",
 "regex-syntax",
]

[[package]]
name = "regex-syntax"
version = "0.6.25"
source = "registry+https://github.com/rust-lang/crates.io-index"
checksum = "f497285884f3fcff424ffc933e56d7cbca511def0c9831a7f9b5f6153e3cc89b"

[[package]]
name = "semver"
version = "1.0.4"
source = "registry+https://github.com/rust-lang/crates.io-index"
checksum = "568a8e6258aa33c13358f81fd834adb854c6f7c9468520910a9b1e8fac068012"

[[package]]
name = "syn"
version = "1.0.77"
source = "registry+https://github.com/rust-lang/crates.io-index"
checksum = "5239bc68e0fef57495900cfea4e8dc75596d9a319d7e16b1e0a440d24e6fe0a0"
dependencies = [
 "proc-macro2",
 "quote",
 "unicode-xid",
]

[[package]]
name = "unicode-xid"
version = "0.2.2"
source = "registry+https://github.com/rust-lang/crates.io-index"
checksum = "8ccb82d61f80a663efe1f787a51b16b5a51e3314d6ac365b08639f52387b33f3"
